{
  "name": "anki-genai",
  "lockfileVersion": 3,
  "requires": true,
  "packages": {
    "": {
      "dependencies": {
        "sonner": "^2.0.7",
        "sql": "^0.78.0"
      }
    },
    "node_modules/lodash": {
      "version": "4.1.0",
      "resolved": "https://registry.npmjs.org/lodash/-/lodash-4.1.0.tgz",
      "integrity": "sha512-B9sgtKUlz0xe7lkYb80BcOpwwJJw5iOiz4HkBDzF0+i5nJLiwfBnL08m7bBkCOPBfi+0aqvrJDMdZDfAvs8vYg==",
      "license": "MIT"
    },
    "node_modules/react": {
      "version": "19.2.3",
      "resolved": "https://registry.npmjs.org/react/-/react-19.2.3.tgz",
      "integrity": "sha512-Ku/hhYbVjOQnXDZFv2+RibmLFGwFdeeKHFcOTlrt7xplBnya5OGn/hIRDsqDiSUcfORsDC7MPxwork8jBwsIWA==",
      "license": "MIT",
      "peer": true,
      "engines": {
        "node": ">=0.10.0"
      }
    },
    "node_modules/react-dom": {
      "version": "19.2.3",
      "resolved": "https://registry.npmjs.org/react-dom/-/react-dom-19.2.3.tgz",
      "integrity": "sha512-yELu4WmLPw5Mr/lmeEpox5rw3RETacE++JgHqQzd2dg+YbJuat3jH4ingc+WPZhxaoFzdv9y33G+F7Nl5O0GBg==",
      "license": "MIT",
      "peer": true,
      "dependencies": {
        "scheduler": "^0.27.0"
      },
      "peerDependencies": {
        "react": "^19.2.3"
      }
    },
    "node_modules/scheduler": {
      "version": "0.27.0",
      "resolved": "https://registry.npmjs.org/scheduler/-/scheduler-0.27.0.tgz",
      "integrity": "sha512-eNv+WrVbKu1f3vbYJT/xtiF5syA5HPIMtf9IgY/nKg0sWqzAUEvqY/xm7OcZc/qafLx/iO9FgOmeSAp4v5ti/Q==",
      "license": "MIT"
    },
    "node_modules/sliced": {
      "version": "0.0.5",
      "resolved": "https://registry.npmjs.org/sliced/-/sliced-0.0.5.tgz",
      "integrity": "sha512-9bYT917D6H3+q8GlQBJmLVz3bc4OeVGfZ2BB12wvLnluTGfG6/8UdOUbKJDW1EEx9SZMDbjnatkau5/XcUeyOw==",
      "license": "MIT"
    },
    "node_modules/sonner": {
      "version": "2.0.7",
      "resolved": "https://registry.npmjs.org/sonner/-/sonner-2.0.7.tgz",
      "integrity": "sha512-W6ZN4p58k8aDKA4XPcx2hpIQXBRAgyiWVkYhT7CvK6D3iAu7xjvVyhQHg2/iaKJZ1XVJ4r7XuwGL+WGEK37i9w==",
      "license": "MIT",
      "peerDependencies": {
        "react": "^18.0.0 || ^19.0.0 || ^19.0.0-rc",
        "react-dom": "^18.0.0 || ^19.0.0 || ^19.0.0-rc"
      }
    },
    "node_modules/sql": {
      "version": "0.78.0",
      "resolved": "https://registry.npmjs.org/sql/-/sql-0.78.0.tgz",
      "integrity": "sha512-+If27aF3UQxmnuF5JgTJKd/X6TiELa1f58Zo5TX9ULbPnqs1fBDODwwbtU0WwM5H3lSiwx2En4m2lB1rCoIhvQ==",
      "license": "MIT",
      "dependencies": {
        "lodash": "4.1.x",
        "sliced": "0.0.x"
      },
      "engines": {
        "node": "*"
      }
    }
  }
}
